
Microsoft Visual Studio Solution File, Format Version 12.00
# Visual Studio 15
VisualStudioVersion = 15.0.26730.15
MinimumVisualStudioVersion = 10.0.40219.1
Project("{FAE04EC0-301F-11D3-BF4B-00C04F79EFBC}") = "ManipulateList", "ManipulateList\ManipulateList.csproj", "{AC6CCF32-20FE-4AF2-90A5-143143B7BD4E}"
EndProject
Global
	GlobalSection(SolutionConfigurationPlatforms) = preSolution
		Debug|Any CPU = Debug|Any CPU
		Release|Any CPU = Release|Any CPU
	EndGlobalSection
	GlobalSection(ProjectConfigurationPlatforms) = postSolution
		{AC6CCF32-20FE-4AF2-90A5-143143B7BD4E}.Debug|Any CPU.ActiveCfg = Debug|Any CPU
		{AC6CCF32-20FE-4AF2-90A5-143143B7BD4E}.Debug|Any CPU.Build.0 = Debug|Any CPU
		{AC6CCF32-20FE-4AF2-90A5-143143B7BD4E}.Release|Any CPU.ActiveCfg = Release|Any CPU
		{AC6CCF32-20FE-4AF2-90A5-143143B7BD4E}.Release|Any CPU.Build.0 = Release|Any CPU
	EndGlobalSection
	GlobalSection(SolutionProperties) = preSolution
		HideSolutionNode = FALSE
	EndGlobalSection
	GlobalSection(ExtensibilityGlobals) = postSolution
		SolutionGuid = {642065F8-E02C-4554-A0EC-12671AF75FE8}
	EndGlobalSection
EndGlobal
